
Microsoft Visual Studio Solution File, Format Version 12.00
# Visual Studio Version 16
VisualStudioVersion = 16.0.29609.76
MinimumVisualStudioVersion = 10.0.40219.1
Project("{FAE04EC0-301F-11D3-BF4B-00C04F79EFBC}") = "NikiforovApp1", "NikiforovApp1.csproj", "{302A8FD9-19BC-4EF7-A92C-BBC65FC55244}"
EndProject
Global
	GlobalSection(SolutionConfigurationPlatforms) = preSolution
		Debug|Any CPU = Debug|Any CPU
		Release|Any CPU = Release|Any CPU
	EndGlobalSection
	GlobalSection(ProjectConfigurationPlatforms) = postSolution
		{302A8FD9-19BC-4EF7-A92C-BBC65FC55244}.Debug|Any CPU.ActiveCfg = Debug|Any CPU
		{302A8FD9-19BC-4EF7-A92C-BBC65FC55244}.Debug|Any CPU.Build.0 = Debug|Any CPU
		{302A8FD9-19BC-4EF7-A92C-BBC65FC55244}.Release|Any CPU.ActiveCfg = Release|Any CPU
		{302A8FD9-19BC-4EF7-A92C-BBC65FC55244}.Release|Any CPU.Build.0 = Release|Any CPU
	EndGlobalSection
	GlobalSection(SolutionProperties) = preSolution
		HideSolutionNode = FALSE
	EndGlobalSection
	GlobalSection(ExtensibilityGlobals) = postSolution
		SolutionGuid = {D2C7F2E8-0F52-4923-AC60-688AC63B0FA7}
	EndGlobalSection
EndGlobal
